github.com/BurntSushi/toml v1.6.0 h1:dRaEfpa2VI55EwlIW72hMRHdWouJeRF7TPYhI+AUQjk=
github.com/BurntSushi/toml v1.6.0/go.mod h1:ukJfTF/6rtPPRCnwkur4qwRxa8vTRFBF0uk2lLoLwho=
github.com/beanstalkd/go-beanstalk v0.2.0 h1:6UOJugnu47uNB2jJO/lxyDgeD1Yds7owYi1USELqexA=
github.com/beanstalkd/go-beanstalk v0.2.0/go.mod h1:/G8YTyChOtpOArwLTQPY1CHB+i212+av35bkPXXj56Y=
